
Microsoft Visual Studio Solution File, Format Version 12.00
# Visual Studio Version 17
VisualStudioVersion = 17.9.34701.34
MinimumVisualStudioVersion = 10.0.40219.1
Project("{9A19103F-16F7-4668-BE54-9A1E7A4F7556}") = "AzureFN_Local_MLSentiment", "AzureFunction_Locally_Demo\AzureFN_Local_MLSentiment.csproj", "{4D9AFED1-3F7A-4D75-B9CC-F49F79DDC191}"
EndProject
Project("{FAE04EC0-301F-11D3-BF4B-00C04F79EFBC}") = "AzureFNandBlobTable_Local_SentimentRate", "AzureFNandBlobTable_Local_SentimentRate\AzureFNandBlobTable_Local_SentimentRate.csproj", "{33BE6CF5-3B65-496E-B8D5-F370C561F187}"
EndProject
Global
	GlobalSection(SolutionConfigurationPlatforms) = preSolution
		Debug|Any CPU = Debug|Any CPU
		Debug|x64 = Debug|x64
		Release|Any CPU = Release|Any CPU
		Release|x64 = Release|x64
	EndGlobalSection
	GlobalSection(ProjectConfigurationPlatforms) = postSolution
		{4D9AFED1-3F7A-4D75-B9CC-F49F79DDC191}.Debug|Any CPU.ActiveCfg = Debug|Any CPU
		{4D9AFED1-3F7A-4D75-B9CC-F49F79DDC191}.Debug|Any CPU.Build.0 = Debug|Any CPU
		{4D9AFED1-3F7A-4D75-B9CC-F49F79DDC191}.Debug|x64.ActiveCfg = Debug|Any CPU
		{4D9AFED1-3F7A-4D75-B9CC-F49F79DDC191}.Debug|x64.Build.0 = Debug|Any CPU
		{4D9AFED1-3F7A-4D75-B9CC-F49F79DDC191}.Release|Any CPU.ActiveCfg = Release|Any CPU
		{4D9AFED1-3F7A-4D75-B9CC-F49F79DDC191}.Release|Any CPU.Build.0 = Release|Any CPU
		{4D9AFED1-3F7A-4D75-B9CC-F49F79DDC191}.Release|x64.ActiveCfg = Release|x64
		{4D9AFED1-3F7A-4D75-B9CC-F49F79DDC191}.Release|x64.Build.0 = Release|x64
		{33BE6CF5-3B65-496E-B8D5-F370C561F187}.Debug|Any CPU.ActiveCfg = Debug|Any CPU
		{33BE6CF5-3B65-496E-B8D5-F370C561F187}.Debug|Any CPU.Build.0 = Debug|Any CPU
		{33BE6CF5-3B65-496E-B8D5-F370C561F187}.Debug|x64.ActiveCfg = Debug|Any CPU
		{33BE6CF5-3B65-496E-B8D5-F370C561F187}.Debug|x64.Build.0 = Debug|Any CPU
		{33BE6CF5-3B65-496E-B8D5-F370C561F187}.Release|Any CPU.ActiveCfg = Release|Any CPU
		{33BE6CF5-3B65-496E-B8D5-F370C561F187}.Release|Any CPU.Build.0 = Release|Any CPU
		{33BE6CF5-3B65-496E-B8D5-F370C561F187}.Release|x64.ActiveCfg = Release|Any CPU
		{33BE6CF5-3B65-496E-B8D5-F370C561F187}.Release|x64.Build.0 = Release|Any CPU
	EndGlobalSection
	GlobalSection(SolutionProperties) = preSolution
		HideSolutionNode = FALSE
	EndGlobalSection
	GlobalSection(ExtensibilityGlobals) = postSolution
		SolutionGuid = {D54AC5B9-75F1-4799-824D-67ECB55B64C9}
	EndGlobalSection
EndGlobal
